
Microsoft Visual Studio Solution File, Format Version 12.00
# Visual Studio Version 17
VisualStudioVersion = 17.7.34024.191
MinimumVisualStudioVersion = 10.0.40219.1
Project("{FAE04EC0-301F-11D3-BF4B-00C04F79EFBC}") = "BookMyShowApplication", "BookMyShowApplication\BookMyShowApplication.csproj", "{5F971C5C-ADD0-4198-89C8-BAE43216D317}"
EndProject
Project("{FAE04EC0-301F-11D3-BF4B-00C04F79EFBC}") = "Model", "Model\Model.csproj", "{5F9B8AF9-AD36-4256-8F7C-28504A35B747}"
EndProject
Project("{FAE04EC0-301F-11D3-BF4B-00C04F79EFBC}") = "ServiceLayer", "ServiceLayer\ServiceLayer.csproj", "{F430B97F-D6FA-453B-B59F-30AC6A62B7AA}"
EndProject
Project("{FAE04EC0-301F-11D3-BF4B-00C04F79EFBC}") = "DataAccessLayer", "DataAccessLayer\DataAccessLayer.csproj", "{9524F880-ABCC-483E-8E35-0571E1BEA904}"
EndProject
Global
	GlobalSection(SolutionConfigurationPlatforms) = preSolution
		Debug|Any CPU = Debug|Any CPU
		Release|Any CPU = Release|Any CPU
	EndGlobalSection
	GlobalSection(ProjectConfigurationPlatforms) = postSolution
		{5F971C5C-ADD0-4198-89C8-BAE43216D317}.Debug|Any CPU.ActiveCfg = Debug|Any CPU
		{5F971C5C-ADD0-4198-89C8-BAE43216D317}.Debug|Any CPU.Build.0 = Debug|Any CPU
		{5F971C5C-ADD0-4198-89C8-BAE43216D317}.Release|Any CPU.ActiveCfg = Release|Any CPU
		{5F971C5C-ADD0-4198-89C8-BAE43216D317}.Release|Any CPU.Build.0 = Release|Any CPU
		{5F9B8AF9-AD36-4256-8F7C-28504A35B747}.Debug|Any CPU.ActiveCfg = Debug|Any CPU
		{5F9B8AF9-AD36-4256-8F7C-28504A35B747}.Debug|Any CPU.Build.0 = Debug|Any CPU
		{5F9B8AF9-AD36-4256-8F7C-28504A35B747}.Release|Any CPU.ActiveCfg = Release|Any CPU
		{5F9B8AF9-AD36-4256-8F7C-28504A35B747}.Release|Any CPU.Build.0 = Release|Any CPU
		{F430B97F-D6FA-453B-B59F-30AC6A62B7AA}.Debug|Any CPU.ActiveCfg = Debug|Any CPU
		{F430B97F-D6FA-453B-B59F-30AC6A62B7AA}.Debug|Any CPU.Build.0 = Debug|Any CPU
		{F430B97F-D6FA-453B-B59F-30AC6A62B7AA}.Release|Any CPU.ActiveCfg = Release|Any CPU
		{F430B97F-D6FA-453B-B59F-30AC6A62B7AA}.Release|Any CPU.Build.0 = Release|Any CPU
		{9524F880-ABCC-483E-8E35-0571E1BEA904}.Debug|Any CPU.ActiveCfg = Debug|Any CPU
		{9524F880-ABCC-483E-8E35-0571E1BEA904}.Debug|Any CPU.Build.0 = Debug|Any CPU
		{9524F880-ABCC-483E-8E35-0571E1BEA904}.Release|Any CPU.ActiveCfg = Release|Any CPU
		{9524F880-ABCC-483E-8E35-0571E1BEA904}.Release|Any CPU.Build.0 = Release|Any CPU
	EndGlobalSection
	GlobalSection(SolutionProperties) = preSolution
		HideSolutionNode = FALSE
	EndGlobalSection
	GlobalSection(ExtensibilityGlobals) = postSolution
		SolutionGuid = {01E56740-32DC-433C-AAD4-DDF08DEB72E4}
	EndGlobalSection
EndGlobal
